// !$*UTF8*$!
{
	archiveVersion = 1;
	classes = {
	};
	objectVersion = 55;
	objects = {

/* Begin PBXBuildFile section */
		4EED149E1A42C13F58BC2EC0 /* Pods_InstructionsTutorial.framework in Frameworks */ = {isa = PBXBuildFile; fileRef = 0FD7A5E92BD2FD28A6140A8D /* Pods_InstructionsTutorial.framework */; };
		7B2D767227780E3B00A02A46 /* AppDelegate.swift in Sources */ = {isa = PBXBuildFile; fileRef = 7B2D767127780E3B00A02A46 /* AppDelegate.swift */; };
		7B2D767427780E3B00A02A46 /* SceneDelegate.swift in Sources */ = {isa = PBXBuildFile; fileRef = 7B2D767327780E3B00A02A46 /* SceneDelegate.swift */; };
		7B2D767627780E3B00A02A46 /* ViewController.swift in Sources */ = {isa = PBXBuildFile; fileRef = 7B2D767527780E3B00A02A46 /* ViewController.swift */; };
		7B2D767927780E3B00A02A46 /* Main.storyboard in Resources */ = {isa = PBXBuildFile; fileRef = 7B2D767727780E3B00A02A46 /* Main.storyboard */; };
		7B2D767B27780E3D00A02A46 /* Assets.xcassets in Resources */ = {isa = PBXBuildFile; fileRef = 7B2D767A27780E3D00A02A46 /* Assets.xcassets */; };
		7B2D767E27780E3D00A02A46 /* LaunchScreen.storyboard in Resources */ = {isa = PBXBuildFile; fileRef = 7B2D767C27780E3D00A02A46 /* LaunchScreen.storyboard */; };
		7B2D7686277820E200A02A46 /* UsersSession.swift in Sources */ = {isa = PBXBuildFile; fileRef = 7B2D7685277820E200A02A46 /* UsersSession.swift */; };
		7B2D76A62779FAE600A02A46 /* CustomCoachMarkBodyView.swift in Sources */ = {isa = PBXBuildFile; fileRef = 7B2D76A52779FAE600A02A46 /* CustomCoachMarkBodyView.swift */; };
		7B2D76A82779FB3A00A02A46 /* AccessibilityIdentifiers.swift in Sources */ = {isa = PBXBuildFile; fileRef = 7B2D76A72779FB3A00A02A46 /* AccessibilityIdentifiers.swift */; };
		7B2D76AA2779FBDD00A02A46 /* CustomCoachMarkArrowView.swift in Sources */ = {isa = PBXBuildFile; fileRef = 7B2D76A92779FBDD00A02A46 /* CustomCoachMarkArrowView.swift */; };
/* End PBXBuildFile section */

/* Begin PBXFileReference section */
		0FD7A5E92BD2FD28A6140A8D /* Pods_InstructionsTutorial.framework */ = {isa = PBXFileReference; explicitFileType = wrapper.framework; includeInIndex = 0; path = Pods_InstructionsTutorial.framework; sourceTree = BUILT_PRODUCTS_DIR; };
		7B2D766E27780E3B00A02A46 /* InstructionsTutorial.app */ = {isa = PBXFileReference; explicitFileType = wrapper.application; includeInIndex = 0; path = InstructionsTutorial.app; sourceTree = BUILT_PRODUCTS_DIR; };
		7B2D767127780E3B00A02A46 /* AppDelegate.swift */ = {isa = PBXFileReference; lastKnownFileType = sourcecode.swift; path = AppDelegate.swift; sourceTree = "<group>"; };
		7B2D767327780E3B00A02A46 /* SceneDelegate.swift */ = {isa = PBXFileReference; lastKnownFileType = sourcecode.swift; path = SceneDelegate.swift; sourceTree = "<group>"; };
		7B2D767527780E3B00A02A46 /* ViewController.swift */ = {isa = PBXFileReference; lastKnownFileType = sourcecode.swift; path = ViewController.swift; sourceTree = "<group>"; };
		7B2D767827780E3B00A02A46 /* Base */ = {isa = PBXFileReference; lastKnownFileType = file.storyboard; name = Base; path = Base.lproj/Main.storyboard; sourceTree = "<group>"; };
		7B2D767A27780E3D00A02A46 /* Assets.xcassets */ = {isa = PBXFileReference; lastKnownFileType = folder.assetcatalog; path = Assets.xcassets; sourceTree = "<group>"; };
		7B2D767D27780E3D00A02A46 /* Base */ = {isa = PBXFileReference; lastKnownFileType = file.storyboard; name = Base; path = Base.lproj/LaunchScreen.storyboard; sourceTree = "<group>"; };
		7B2D767F27780E3D00A02A46 /* Info.plist */ = {isa = PBXFileReference; lastKnownFileType = text.plist.xml; path = Info.plist; sourceTree = "<group>"; };
		7B2D7685277820E200A02A46 /* UsersSession.swift */ = {isa = PBXFileReference; lastKnownFileType = sourcecode.swift; path = UsersSession.swift; sourceTree = "<group>"; };
		7B2D76A52779FAE600A02A46 /* CustomCoachMarkBodyView.swift */ = {isa = PBXFileReference; lastKnownFileType = sourcecode.swift; path = CustomCoachMarkBodyView.swift; sourceTree = "<group>"; };
		7B2D76A72779FB3A00A02A46 /* AccessibilityIdentifiers.swift */ = {isa = PBXFileReference; lastKnownFileType = sourcecode.swift; path = AccessibilityIdentifiers.swift; sourceTree = "<group>"; };
		7B2D76A92779FBDD00A02A46 /* CustomCoachMarkArrowView.swift */ = {isa = PBXFileReference; lastKnownFileType = sourcecode.swift; path = CustomCoachMarkArrowView.swift; sourceTree = "<group>"; };
		7B2D76B9277E6F7C00A02A46 /* guidedTour.gif */ = {isa = PBXFileReference; lastKnownFileType = image.gif; path = guidedTour.gif; sourceTree = "<group>"; };
		B4F4AF1C5B05D1206CB05735 /* Pods-InstructionsTutorial.debug.xcconfig */ = {isa = PBXFileReference; includeInIndex = 1; lastKnownFileType = text.xcconfig; name = "Pods-InstructionsTutorial.debug.xcconfig"; path = "Target Support Files/Pods-InstructionsTutorial/Pods-InstructionsTutorial.debug.xcconfig"; sourceTree = "<group>"; };
		C9359ECF2FABCE7D7E47ACF9 /* Pods-InstructionsTutorial.release.xcconfig */ = {isa = PBXFileReference; includeInIndex = 1; lastKnownFileType = text.xcconfig; name = "Pods-InstructionsTutorial.release.xcconfig"; path = "Target Support Files/Pods-InstructionsTutorial/Pods-InstructionsTutorial.release.xcconfig"; sourceTree = "<group>"; };
/* End PBXFileReference section */

/* Begin PBXFrameworksBuildPhase section */
		7B2D766B27780E3B00A02A46 /* Frameworks */ = {
			isa = PBXFrameworksBuildPhase;
			buildActionMask = 2147483647;
			files = (
				4EED149E1A42C13F58BC2EC0 /* Pods_InstructionsTutorial.framework in Frameworks */,
			);
			runOnlyForDeploymentPostprocessing = 0;
		};
/* End PBXFrameworksBuildPhase section */

/* Begin PBXGroup section */
		7B2D766527780E3B00A02A46 = {
			isa = PBXGroup;
			children = (
				7B2D767027780E3B00A02A46 /* InstructionsTutorial */,
				7B2D766F27780E3B00A02A46 /* Products */,
				7B2D769E2778731800A02A46 /* Frameworks */,
				BF1663CB5046D5441B226166 /* Pods */,
			);
			sourceTree = "<group>";
		};
		7B2D766F27780E3B00A02A46 /* Products */ = {
			isa = PBXGroup;
			children = (
				7B2D766E27780E3B00A02A46 /* InstructionsTutorial.app */,
			);
			name = Products;
			sourceTree = "<group>";
		};
		7B2D767027780E3B00A02A46 /* InstructionsTutorial */ = {
			isa = PBXGroup;
			children = (
				7B2D76AE277C16C100A02A46 /* Supporting Files */,
				7B2D76AD277C161C00A02A46 /* Custom Views */,
				7B2D76AC277C15DF00A02A46 /* View Controllers */,
				7B2D76AB277C15C300A02A46 /* Storyboard */,
				7B2D76B8277E6F6600A02A46 /* Gif */,
				7B2D767127780E3B00A02A46 /* AppDelegate.swift */,
				7B2D767327780E3B00A02A46 /* SceneDelegate.swift */,
				7B2D7685277820E200A02A46 /* UsersSession.swift */,
				7B2D76A72779FB3A00A02A46 /* AccessibilityIdentifiers.swift */,
			);
			path = InstructionsTutorial;
			sourceTree = "<group>";
		};
		7B2D769E2778731800A02A46 /* Frameworks */ = {
			isa = PBXGroup;
			children = (
				0FD7A5E92BD2FD28A6140A8D /* Pods_InstructionsTutorial.framework */,
			);
			name = Frameworks;
			sourceTree = "<group>";
		};
		7B2D76AB277C15C300A02A46 /* Storyboard */ = {
			isa = PBXGroup;
			children = (
				7B2D767727780E3B00A02A46 /* Main.storyboard */,
				7B2D767C27780E3D00A02A46 /* LaunchScreen.storyboard */,
			);
			path = Storyboard;
			sourceTree = "<group>";
		};
		7B2D76AC277C15DF00A02A46 /* View Controllers */ = {
			isa = PBXGroup;
			children = (
				7B2D767527780E3B00A02A46 /* ViewController.swift */,
			);
			path = "View Controllers";
			sourceTree = "<group>";
		};
		7B2D76AD277C161C00A02A46 /* Custom Views */ = {
			isa = PBXGroup;
			children = (
				7B2D76A52779FAE600A02A46 /* CustomCoachMarkBodyView.swift */,
				7B2D76A92779FBDD00A02A46 /* CustomCoachMarkArrowView.swift */,
			);
			path = "Custom Views";
			sourceTree = "<group>";
		};
		7B2D76AE277C16C100A02A46 /* Supporting Files */ = {
			isa = PBXGroup;
			children = (
				7B2D767A27780E3D00A02A46 /* Assets.xcassets */,
				7B2D767F27780E3D00A02A46 /* Info.plist */,
			);
			path = "Supporting Files";
			sourceTree = "<group>";
		};
		7B2D76B8277E6F6600A02A46 /* Gif */ = {
			isa = PBXGroup;
			children = (
				7B2D76B9277E6F7C00A02A46 /* guidedTour.gif */,
			);
			path = Gif;
			sourceTree = "<group>";
		};
		BF1663CB5046D5441B226166 /* Pods */ = {
			isa = PBXGroup;
			children = (
				B4F4AF1C5B05D1206CB05735 /* Pods-InstructionsTutorial.debug.xcconfig */,
				C9359ECF2FABCE7D7E47ACF9 /* Pods-InstructionsTutorial.release.xcconfig */,
			);
			path = Pods;
			sourceTree = "<group>";
		};
/* End PBXGroup section */

/* Begin PBXNativeTarget section */
		7B2D766D27780E3B00A02A46 /* InstructionsTutorial */ = {
			isa = PBXNativeTarget;
			buildConfigurationList = 7B2D768227780E3D00A02A46 /* Build configuration list for PBXNativeTarget "InstructionsTutorial" */;
			buildPhases = (
				E44B78E20D36F215B54D9257 /* [CP] Check Pods Manifest.lock */,
				7B2D766A27780E3B00A02A46 /* Sources */,
				7B2D766B27780E3B00A02A46 /* Frameworks */,
				7B2D766C27780E3B00A02A46 /* Resources */,
				89F93631BE7A4990672BF95F /* [CP] Embed Pods Frameworks */,
			);
			buildRules = (
			);
			dependencies = (
			);
			name = InstructionsTutorial;
			productName = InstructionsTutorial;
			productReference = 7B2D766E27780E3B00A02A46 /* InstructionsTutorial.app */;
			productType = "com.apple.product-type.application";
		};
/* End PBXNativeTarget section */

/* Begin PBXProject section */
		7B2D766627780E3B00A02A46 /* Project object */ = {
			isa = PBXProject;
			attributes = {
				BuildIndependentTargetsInParallel = 1;
				LastSwiftUpdateCheck = 1320;
				LastUpgradeCheck = 1320;
				TargetAttributes = {
					7B2D766D27780E3B00A02A46 = {
						CreatedOnToolsVersion = 13.2.1;
					};
				};
			};
			buildConfigurationList = 7B2D766927780E3B00A02A46 /* Build configuration list for PBXProject "InstructionsTutorial" */;
			compatibilityVersion = "Xcode 13.0";
			developmentRegion = en;
			hasScannedForEncodings = 0;
			knownRegions = (
				en,
				Base,
			);
			mainGroup = 7B2D766527780E3B00A02A46;
			productRefGroup = 7B2D766F27780E3B00A02A46 /* Products */;
			projectDirPath = "";
			projectRoot = "";
			targets = (
				7B2D766D27780E3B00A02A46 /* InstructionsTutorial */,
			);
		};
/* End PBXProject section */

/* Begin PBXResourcesBuildPhase section */
		7B2D766C27780E3B00A02A46 /* Resources */ = {
			isa = PBXResourcesBuildPhase;
			buildActionMask = 2147483647;
			files = (
				7B2D767E27780E3D00A02A46 /* LaunchScreen.storyboard in Resources */,
				7B2D767B27780E3D00A02A46 /* Assets.xcassets in Resources */,
				7B2D767927780E3B00A02A46 /* Main.storyboard in Resources */,
			);
			runOnlyForDeploymentPostprocessing = 0;
		};
/* End PBXResourcesBuildPhase section */

/* Begin PBXShellScriptBuildPhase section */
		89F93631BE7A4990672BF95F /* [CP] Embed Pods Frameworks */ = {
			isa = PBXShellScriptBuildPhase;
			buildActionMask = 2147483647;
			files = (
			);
			inputFileListPaths = (
				"${PODS_ROOT}/Target Support Files/Pods-InstructionsTutorial/Pods-InstructionsTutorial-frameworks-${CONFIGURATION}-input-files.xcfilelist",
			);
			name = "[CP] Embed Pods Frameworks";
			outputFileListPaths = (
				"${PODS_ROOT}/Target Support Files/Pods-InstructionsTutorial/Pods-InstructionsTutorial-frameworks-${CONFIGURATION}-output-files.xcfilelist",
			);
			runOnlyForDeploymentPostprocessing = 0;
			shellPath = /bin/sh;
			shellScript = "\"${PODS_ROOT}/Target Support Files/Pods-InstructionsTutorial/Pods-InstructionsTutorial-frameworks.sh\"\n";
			showEnvVarsInLog = 0;
		};
		E44B78E20D36F215B54D9257 /* [CP] Check Pods Manifest.lock */ = {
			isa = PBXShellScriptBuildPhase;
			buildActionMask = 2147483647;
			files = (
			);
			inputFileListPaths = (
			);
			inputPaths = (
				"${PODS_PODFILE_DIR_PATH}/Podfile.lock",
				"${PODS_ROOT}/Manifest.lock",
			);
			name = "[CP] Check Pods Manifest.lock";
			outputFileListPaths = (
			);
			outputPaths = (
				"$(DERIVED_FILE_DIR)/Pods-InstructionsTutorial-checkManifestLockResult.txt",
			);
			runOnlyForDeploymentPostprocessing = 0;
			shellPath = /bin/sh;
			shellScript = "diff \"${PODS_PODFILE_DIR_PATH}/Podfile.lock\" \"${PODS_ROOT}/Manifest.lock\" > /dev/null\nif [ $? != 0 ] ; then\n    # print error to STDERR\n    echo \"error: The sandbox is not in sync with the Podfile.lock. Run 'pod install' or update your CocoaPods installation.\" >&2\n    exit 1\nfi\n# This output is used by Xcode 'outputs' to avoid re-running this script phase.\necho \"SUCCESS\" > \"${SCRIPT_OUTPUT_FILE_0}\"\n";
			showEnvVarsInLog = 0;
		};
/* End PBXShellScriptBuildPhase section */

/* Begin PBXSourcesBuildPhase section */
		7B2D766A27780E3B00A02A46 /* Sources */ = {
			isa = PBXSourcesBuildPhase;
			buildActionMask = 2147483647;
			files = (
				7B2D767627780E3B00A02A46 /* ViewController.swift in Sources */,
				7B2D76A62779FAE600A02A46 /* CustomCoachMarkBodyView.swift in Sources */,
				7B2D76AA2779FBDD00A02A46 /* CustomCoachMarkArrowView.swift in Sources */,
				7B2D767227780E3B00A02A46 /* AppDelegate.swift in Sources */,
				7B2D76A82779FB3A00A02A46 /* AccessibilityIdentifiers.swift in Sources */,
				7B2D767427780E3B00A02A46 /* SceneDelegate.swift in Sources */,
				7B2D7686277820E200A02A46 /* UsersSession.swift in Sources */,
			);
			runOnlyForDeploymentPostprocessing = 0;
		};
/* End PBXSourcesBuildPhase section */

/* Begin PBXVariantGroup section */
		7B2D767727780E3B00A02A46 /* Main.storyboard */ = {
			isa = PBXVariantGroup;
			children = (
				7B2D767827780E3B00A02A46 /* Base */,
			);
			name = Main.storyboard;
			sourceTree = "<group>";
		};
		7B2D767C27780E3D00A02A46 /* LaunchScreen.storyboard */ = {
			isa = PBXVariantGroup;
			children = (
				7B2D767D27780E3D00A02A46 /* Base */,
			);
			name = LaunchScreen.storyboard;
			sourceTree = "<group>";
		};
/* End PBXVariantGroup section */

/* Begin XCBuildConfiguration section */
		7B2D768027780E3D00A02A46 /* Debug */ = {
			isa = XCBuildConfiguration;
			buildSettings = {
				ALWAYS_SEARCH_USER_PATHS = NO;
				CLANG_ANALYZER_NONNULL = YES;
				CLANG_ANALYZER_NUMBER_OBJECT_CONVERSION = YES_AGGRESSIVE;
				CLANG_CXX_LANGUAGE_STANDARD = "gnu++17";
				CLANG_CXX_LIBRARY = "libc++";
				CLANG_ENABLE_MODULES = YES;
				CLANG_ENABLE_OBJC_ARC = YES;
				CLANG_ENABLE_OBJC_WEAK = YES;
				CLANG_WARN_BLOCK_CAPTURE_AUTORELEASING = YES;
				CLANG_WARN_BOOL_CONVERSION = YES;
				CLANG_WARN_COMMA = YES;
				CLANG_WARN_CONSTANT_CONVERSION = YES;
				CLANG_WARN_DEPRECATED_OBJC_IMPLEMENTATIONS = YES;
				CLANG_WARN_DIRECT_OBJC_ISA_USAGE = YES_ERROR;
				CLANG_WARN_DOCUMENTATION_COMMENTS = YES;
				CLANG_WARN_EMPTY_BODY = YES;
				CLANG_WARN_ENUM_CONVERSION = YES;
				CLANG_WARN_INFINITE_RECURSION = YES;
				CLANG_WARN_INT_CONVERSION = YES;
				CLANG_WARN_NON_LITERAL_NULL_CONVERSION = YES;
				CLANG_WARN_OBJC_IMPLICIT_RETAIN_SELF = YES;
				CLANG_WARN_OBJC_LITERAL_CONVERSION = YES;
				CLANG_WARN_OBJC_ROOT_CLASS = YES_ERROR;
				CLANG_WARN_QUOTED_INCLUDE_IN_FRAMEWORK_HEADER = YES;
				CLANG_WARN_RANGE_LOOP_ANALYSIS = YES;
				CLANG_WARN_STRICT_PROTOTYPES = YES;
				CLANG_WARN_SUSPICIOUS_MOVE = YES;
				CLANG_WARN_UNGUARDED_AVAILABILITY = YES_AGGRESSIVE;
				CLANG_WARN_UNREACHABLE_CODE = YES;
				CLANG_WARN__DUPLICATE_METHOD_MATCH = YES;
				COPY_PHASE_STRIP = NO;
				DEBUG_INFORMATION_FORMAT = dwarf;
				ENABLE_STRICT_OBJC_MSGSEND = YES;
				ENABLE_TESTABILITY = YES;
				GCC_C_LANGUAGE_STANDARD = gnu11;
				GCC_DYNAMIC_NO_PIC = NO;
				GCC_NO_COMMON_BLOCKS = YES;
				GCC_OPTIMIZATION_LEVEL = 0;
				GCC_PREPROCESSOR_DEFINITIONS = (
					"DEBUG=1",
					"$(inherited)",
				);
				GCC_WARN_64_TO_32_BIT_CONVERSION = YES;
				GCC_WARN_ABOUT_RETURN_TYPE = YES_ERROR;
				GCC_WARN_UNDECLARED_SELECTOR = YES;
				GCC_WARN_UNINITIALIZED_AUTOS = YES_AGGRESSIVE;
				GCC_WARN_UNUSED_FUNCTION = YES;
				GCC_WARN_UNUSED_VARIABLE = YES;
				IPHONEOS_DEPLOYMENT_TARGET = 15.2;
				MTL_ENABLE_DEBUG_INFO = INCLUDE_SOURCE;
				MTL_FAST_MATH = YES;
				ONLY_ACTIVE_ARCH = YES;
				SDKROOT = iphoneos;
				SWIFT_ACTIVE_COMPILATION_CONDITIONS = DEBUG;
				SWIFT_OPTIMIZATION_LEVEL = "-Onone";
			};
			name = Debug;
		};
		7B2D768127780E3D00A02A46 /* Release */ = {
			isa = XCBuildConfiguration;
			buildSettings = {
				ALWAYS_SEARCH_USER_PATHS = NO;
				CLANG_ANALYZER_NONNULL = YES;
				CLANG_ANALYZER_NUMBER_OBJECT_CONVERSION = YES_AGGRESSIVE;
				CLANG_CXX_LANGUAGE_STANDARD = "gnu++17";
				CLANG_CXX_LIBRARY = "libc++";
				CLANG_ENABLE_MODULES = YES;
				CLANG_ENABLE_OBJC_ARC = YES;
				CLANG_ENABLE_OBJC_WEAK = YES;
				CLANG_WARN_BLOCK_CAPTURE_AUTORELEASING = YES;
				CLANG_WARN_BOOL_CONVERSION = YES;
				CLANG_WARN_COMMA = YES;
				CLANG_WARN_CONSTANT_CONVERSION = YES;
				CLANG_WARN_DEPRECATED_OBJC_IMPLEMENTATIONS = YES;
				CLANG_WARN_DIRECT_OBJC_ISA_USAGE = YES_ERROR;
				CLANG_WARN_DOCUMENTATION_COMMENTS = YES;
				CLANG_WARN_EMPTY_BODY = YES;
				CLANG_WARN_ENUM_CONVERSION = YES;
				CLANG_WARN_INFINITE_RECURSION = YES;
				CLANG_WARN_INT_CONVERSION = YES;
				CLANG_WARN_NON_LITERAL_NULL_CONVERSION = YES;
				CLANG_WARN_OBJC_IMPLICIT_RETAIN_SELF = YES;
				CLANG_WARN_OBJC_LITERAL_CONVERSION = YES;
				CLANG_WARN_OBJC_ROOT_CLASS = YES_ERROR;
				CLANG_WARN_QUOTED_INCLUDE_IN_FRAMEWORK_HEADER = YES;
				CLANG_WARN_RANGE_LOOP_ANALYSIS = YES;
				CLANG_WARN_STRICT_PROTOTYPES = YES;
				CLANG_WARN_SUSPICIOUS_MOVE = YES;
				CLANG_WARN_UNGUARDED_AVAILABILITY = YES_AGGRESSIVE;
				CLANG_WARN_UNREACHABLE_CODE = YES;
				CLANG_WARN__DUPLICATE_METHOD_MATCH = YES;
				COPY_PHASE_STRIP = NO;
				DEBUG_INFORMATION_FORMAT = "dwarf-with-dsym";
				ENABLE_NS_ASSERTIONS = NO;
				ENABLE_STRICT_OBJC_MSGSEND = YES;
				GCC_C_LANGUAGE_STANDARD = gnu11;
				GCC_NO_COMMON_BLOCKS = YES;
				GCC_WARN_64_TO_32_BIT_CONVERSION = YES;
				GCC_WARN_ABOUT_RETURN_TYPE = YES_ERROR;
				GCC_WARN_UNDECLARED_SELECTOR = YES;
				GCC_WARN_UNINITIALIZED_AUTOS = YES_AGGRESSIVE;
				GCC_WARN_UNUSED_FUNCTION = YES;
				GCC_WARN_UNUSED_VARIABLE = YES;
				IPHONEOS_DEPLOYMENT_TARGET = 15.2;
				MTL_ENABLE_DEBUG_INFO = NO;
				MTL_FAST_MATH = YES;
				SDKROOT = iphoneos;
				SWIFT_COMPILATION_MODE = wholemodule;
				SWIFT_OPTIMIZATION_LEVEL = "-O";
				VALIDATE_PRODUCT = YES;
			};
			name = Release;
		};
		7B2D768327780E3D00A02A46 /* Debug */ = {
			isa = XCBuildConfiguration;
			baseConfigurationReference = B4F4AF1C5B05D1206CB05735 /* Pods-InstructionsTutorial.debug.xcconfig */;
			buildSettings = {
				ASSETCATALOG_COMPILER_APPICON_NAME = AppIcon;
				ASSETCATALOG_COMPILER_GLOBAL_ACCENT_COLOR_NAME = AccentColor;
				CODE_SIGN_STYLE = Automatic;
				CURRENT_PROJECT_VERSION = 1;
				GENERATE_INFOPLIST_FILE = YES;
				INFOPLIST_FILE = "InstructionsTutorial/Supporting Files/Info.plist";
				INFOPLIST_KEY_UIApplicationSupportsIndirectInputEvents = YES;
				INFOPLIST_KEY_UILaunchStoryboardName = LaunchScreen;
				INFOPLIST_KEY_UIMainStoryboardFile = Main;
				INFOPLIST_KEY_UISupportedInterfaceOrientations_iPad = "UIInterfaceOrientationPortrait UIInterfaceOrientationPortraitUpsideDown UIInterfaceOrientationLandscapeLeft UIInterfaceOrientationLandscapeRight";
				INFOPLIST_KEY_UISupportedInterfaceOrientations_iPhone = "UIInterfaceOrientationPortrait UIInterfaceOrientationLandscapeLeft UIInterfaceOrientationLandscapeRight";
				LD_RUNPATH_SEARCH_PATHS = (
					"$(inherited)",
					"@executable_path/Frameworks",
				);
				MARKETING_VERSION = 1.0;
				PRODUCT_BUNDLE_IDENTIFIER = com.codewithkyo.InstructionsTutorial;
				PRODUCT_NAME = "$(TARGET_NAME)";
				SWIFT_EMIT_LOC_STRINGS = YES;
				SWIFT_VERSION = 5.0;
				TARGETED_DEVICE_FAMILY = "1,2";
			};
			name = Debug;
		};
		7B2D768427780E3D00A02A46 /* Release */ = {
			isa = XCBuildConfiguration;
			baseConfigurationReference = C9359ECF2FABCE7D7E47ACF9 /* Pods-InstructionsTutorial.release.xcconfig */;
			buildSettings = {
				ASSETCATALOG_COMPILER_APPICON_NAME = AppIcon;
				ASSETCATALOG_COMPILER_GLOBAL_ACCENT_COLOR_NAME = AccentColor;
				CODE_SIGN_STYLE = Automatic;
				CURRENT_PROJECT_VERSION = 1;
				GENERATE_INFOPLIST_FILE = YES;
				INFOPLIST_FILE = "InstructionsTutorial/Supporting Files/Info.plist";
				INFOPLIST_KEY_UIApplicationSupportsIndirectInputEvents = YES;
				INFOPLIST_KEY_UILaunchStoryboardName = LaunchScreen;
				INFOPLIST_KEY_UIMainStoryboardFile = Main;
				INFOPLIST_KEY_UISupportedInterfaceOrientations_iPad = "UIInterfaceOrientationPortrait UIInterfaceOrientationPortraitUpsideDown UIInterfaceOrientationLandscapeLeft UIInterfaceOrientationLandscapeRight";
				INFOPLIST_KEY_UISupportedInterfaceOrientations_iPhone = "UIInterfaceOrientationPortrait UIInterfaceOrientationLandscapeLeft UIInterfaceOrientationLandscapeRight";
				LD_RUNPATH_SEARCH_PATHS = (
					"$(inherited)",
					"@executable_path/Frameworks",
				);
				MARKETING_VERSION = 1.0;
				PRODUCT_BUNDLE_IDENTIFIER = com.codewithkyo.InstructionsTutorial;
				PRODUCT_NAME = "$(TARGET_NAME)";
				SWIFT_EMIT_LOC_STRINGS = YES;
				SWIFT_VERSION = 5.0;
				TARGETED_DEVICE_FAMILY = "1,2";
			};
			name = Release;
		};
/* End XCBuildConfiguration section */

/* Begin XCConfigurationList section */
		7B2D766927780E3B00A02A46 /* Build configuration list for PBXProject "InstructionsTutorial" */ = {
			isa = XCConfigurationList;
			buildConfigurations = (
				7B2D768027780E3D00A02A46 /* Debug */,
				7B2D768127780E3D00A02A46 /* Release */,
			);
			defaultConfigurationIsVisible = 0;
			defaultConfigurationName = Release;
		};
		7B2D768227780E3D00A02A46 /* Build configuration list for PBXNativeTarget "InstructionsTutorial" */ = {
			isa = XCConfigurationList;
			buildConfigurations = (
				7B2D768327780E3D00A02A46 /* Debug */,
				7B2D768427780E3D00A02A46 /* Release */,
			);
			defaultConfigurationIsVisible = 0;
			defaultConfigurationName = Release;
		};
/* End XCConfigurationList section */
	};
	rootObject = 7B2D766627780E3B00A02A46 /* Project object */;
}
